
Microsoft Visual Studio Solution File, Format Version 12.00
# Visual Studio Version 16
VisualStudioVersion = 16.0.31112.23
MinimumVisualStudioVersion = 10.0.40219.1
Project("{9A19103F-16F7-4668-BE54-9A1E7A4F7556}") = "BulkyBook", "BulkyBook\BulkyBook.csproj", "{F51EA3AB-72A8-44F6-B67A-73D019511289}"
EndProject
Project("{9A19103F-16F7-4668-BE54-9A1E7A4F7556}") = "BulkyBook.DataAccess", "BulkyBook.DataAccesss\BulkyBook.DataAccess.csproj", "{9AD04E40-C8C2-407D-80FD-ED874038E4DE}"
EndProject
Project("{9A19103F-16F7-4668-BE54-9A1E7A4F7556}") = "BulkyBook.Models", "BulkyBook.Models\BulkyBook.Models.csproj", "{45DFFA77-4578-47E0-8E58-0E837CFF4F3D}"
EndProject
Project("{9A19103F-16F7-4668-BE54-9A1E7A4F7556}") = "BulkyBook.Utility", "BulkyBook.Utility\BulkyBook.Utility.csproj", "{F69F0B9A-4FD2-4A99-9D64-1B787CF7A512}"
EndProject
Global
	GlobalSection(SolutionConfigurationPlatforms) = preSolution
		Debug|Any CPU = Debug|Any CPU
		Release|Any CPU = Release|Any CPU
	EndGlobalSection
	GlobalSection(ProjectConfigurationPlatforms) = postSolution
		{F51EA3AB-72A8-44F6-B67A-73D019511289}.Debug|Any CPU.ActiveCfg = Debug|Any CPU
		{F51EA3AB-72A8-44F6-B67A-73D019511289}.Debug|Any CPU.Build.0 = Debug|Any CPU
		{F51EA3AB-72A8-44F6-B67A-73D019511289}.Release|Any CPU.ActiveCfg = Release|Any CPU
		{F51EA3AB-72A8-44F6-B67A-73D019511289}.Release|Any CPU.Build.0 = Release|Any CPU
		{9AD04E40-C8C2-407D-80FD-ED874038E4DE}.Debug|Any CPU.ActiveCfg = Debug|Any CPU
		{9AD04E40-C8C2-407D-80FD-ED874038E4DE}.Debug|Any CPU.Build.0 = Debug|Any CPU
		{9AD04E40-C8C2-407D-80FD-ED874038E4DE}.Release|Any CPU.ActiveCfg = Release|Any CPU
		{9AD04E40-C8C2-407D-80FD-ED874038E4DE}.Release|Any CPU.Build.0 = Release|Any CPU
		{45DFFA77-4578-47E0-8E58-0E837CFF4F3D}.Debug|Any CPU.ActiveCfg = Debug|Any CPU
		{45DFFA77-4578-47E0-8E58-0E837CFF4F3D}.Debug|Any CPU.Build.0 = Debug|Any CPU
		{45DFFA77-4578-47E0-8E58-0E837CFF4F3D}.Release|Any CPU.ActiveCfg = Release|Any CPU
		{45DFFA77-4578-47E0-8E58-0E837CFF4F3D}.Release|Any CPU.Build.0 = Release|Any CPU
		{F69F0B9A-4FD2-4A99-9D64-1B787CF7A512}.Debug|Any CPU.ActiveCfg = Debug|Any CPU
		{F69F0B9A-4FD2-4A99-9D64-1B787CF7A512}.Debug|Any CPU.Build.0 = Debug|Any CPU
		{F69F0B9A-4FD2-4A99-9D64-1B787CF7A512}.Release|Any CPU.ActiveCfg = Release|Any CPU
		{F69F0B9A-4FD2-4A99-9D64-1B787CF7A512}.Release|Any CPU.Build.0 = Release|Any CPU
	EndGlobalSection
	GlobalSection(SolutionProperties) = preSolution
		HideSolutionNode = FALSE
	EndGlobalSection
	GlobalSection(ExtensibilityGlobals) = postSolution
		SolutionGuid = {9426C65B-F994-4EEA-83A6-6CD93DEBCA81}
	EndGlobalSection
EndGlobal
